
Microsoft Visual Studio Solution File, Format Version 12.00
# Visual Studio Version 18
VisualStudioVersion = 18.6.11723.189
MinimumVisualStudioVersion = 10.0.40219.1
Project("{FAE04EC0-301F-11D3-BF4B-00C04F79EFBC}") = "data-foundry", "data-foundry.csproj", "{EC506AE1-17D1-4530-9E9E-0766523823A3}"
EndProject
Project("{FAE04EC0-301F-11D3-BF4B-00C04F79EFBC}") = "WTW.Diffusion.Core", "WTW.Diffusion.Core\WTW.Diffusion.Core.csproj", "{E8B1D17A-1059-636A-03C7-3E345A221E34}"
EndProject
Project("{FAE04EC0-301F-11D3-BF4B-00C04F79EFBC}") = "WTW.Diffusion.Cli", "WTW.Diffusion.Cli\WTW.Diffusion.Cli.csproj", "{3919D34A-AA76-43A5-8CCF-4D9D587B264B}"
EndProject
Project("{FAE04EC0-301F-11D3-BF4B-00C04F79EFBC}") = "WTW.Diffusion.Tests", "WTW.Diffusion.Tests\WTW.Diffusion.Tests.csproj", "{35361759-92E6-4658-8015-1D9836389885}"
EndProject
Project("{FAE04EC0-301F-11D3-BF4B-00C04F79EFBC}") = "WTW.Diffusion.Vsix.Tests", "WTW.Diffusion.Vsix.Tests\WTW.Diffusion.Vsix.Tests.csproj", "{B45D4A2E-0275-4196-A21D-F373D04A8385}"
EndProject
Global
	GlobalSection(SolutionConfigurationPlatforms) = preSolution
		Debug (VS2022)|Any CPU = Debug (VS2022)|Any CPU
		Debug (VS2022)|arm64 = Debug (VS2022)|arm64
		Debug (VS2022)|x64 = Debug (VS2022)|x64
		Debug (VS2022)|x86 = Debug (VS2022)|x86
		Debug (VS2026)|Any CPU = Debug (VS2026)|Any CPU
		Debug (VS2026)|arm64 = Debug (VS2026)|arm64
		Debug (VS2026)|x64 = Debug (VS2026)|x64
		Debug (VS2026)|x86 = Debug (VS2026)|x86
		Release (VS2022)|Any CPU = Release (VS2022)|Any CPU
		Release (VS2022)|arm64 = Release (VS2022)|arm64
		Release (VS2022)|x64 = Release (VS2022)|x64
		Release (VS2022)|x86 = Release (VS2022)|x86
		Release (VS2026)|Any CPU = Release (VS2026)|Any CPU
		Release (VS2026)|arm64 = Release (VS2026)|arm64
		Release (VS2026)|x64 = Release (VS2026)|x64
		Release (VS2026)|x86 = Release (VS2026)|x86
	EndGlobalSection
	GlobalSection(ProjectConfigurationPlatforms) = postSolution
		{EC506AE1-17D1-4530-9E9E-0766523823A3}.Debug (VS2022)|Any CPU.ActiveCfg = Debug|Any CPU
		{EC506AE1-17D1-4530-9E9E-0766523823A3}.Debug (VS2022)|Any CPU.Build.0 = Debug|Any CPU
		{EC506AE1-17D1-4530-9E9E-0766523823A3}.Debug (VS2022)|arm64.ActiveCfg = Debug (VS2022)|arm64
		{EC506AE1-17D1-4530-9E9E-0766523823A3}.Debug (VS2022)|arm64.Build.0 = Debug (VS2022)|arm64
		{EC506AE1-17D1-4530-9E9E-0766523823A3}.Debug (VS2022)|x64.ActiveCfg = Debug (VS2022)|Any CPU
		{EC506AE1-17D1-4530-9E9E-0766523823A3}.Debug (VS2022)|x64.Build.0 = Debug (VS2022)|Any CPU
		{EC506AE1-17D1-4530-9E9E-0766523823A3}.Debug (VS2022)|x86.ActiveCfg = Debug (VS2022)|x86
		{EC506AE1-17D1-4530-9E9E-0766523823A3}.Debug (VS2022)|x86.Build.0 = Debug (VS2022)|x86
		{EC506AE1-17D1-4530-9E9E-0766523823A3}.Debug (VS2026)|Any CPU.ActiveCfg = Debug (VS2026)|Any CPU
		{EC506AE1-17D1-4530-9E9E-0766523823A3}.Debug (VS2026)|Any CPU.Build.0 = Debug (VS2026)|Any CPU
		{EC506AE1-17D1-4530-9E9E-0766523823A3}.Debug (VS2026)|arm64.ActiveCfg = Debug (VS2026)|arm64
		{EC506AE1-17D1-4530-9E9E-0766523823A3}.Debug (VS2026)|arm64.Build.0 = Debug (VS2026)|arm64
		{EC506AE1-17D1-4530-9E9E-0766523823A3}.Debug (VS2026)|x64.ActiveCfg = Debug (VS2026)|Any CPU
		{EC506AE1-17D1-4530-9E9E-0766523823A3}.Debug (VS2026)|x64.Build.0 = Debug (VS2026)|Any CPU
		{EC506AE1-17D1-4530-9E9E-0766523823A3}.Debug (VS2026)|x86.ActiveCfg = Debug (VS2026)|x86
		{EC506AE1-17D1-4530-9E9E-0766523823A3}.Debug (VS2026)|x86.Build.0 = Debug (VS2026)|x86
		{EC506AE1-17D1-4530-9E9E-0766523823A3}.Release (VS2022)|Any CPU.ActiveCfg = Release|Any CPU
		{EC506AE1-17D1-4530-9E9E-0766523823A3}.Release (VS2022)|Any CPU.Build.0 = Release|Any CPU
		{EC506AE1-17D1-4530-9E9E-0766523823A3}.Release (VS2022)|arm64.ActiveCfg = Release (VS2022)|arm64
		{EC506AE1-17D1-4530-9E9E-0766523823A3}.Release (VS2022)|arm64.Build.0 = Release (VS2022)|arm64
		{EC506AE1-17D1-4530-9E9E-0766523823A3}.Release (VS2022)|x64.ActiveCfg = Release (VS2022)|Any CPU
		{EC506AE1-17D1-4530-9E9E-0766523823A3}.Release (VS2022)|x64.Build.0 = Release (VS2022)|Any CPU
		{EC506AE1-17D1-4530-9E9E-0766523823A3}.Release (VS2022)|x86.ActiveCfg = Release (VS2022)|x86
		{EC506AE1-17D1-4530-9E9E-0766523823A3}.Release (VS2022)|x86.Build.0 = Release (VS2022)|x86
		{EC506AE1-17D1-4530-9E9E-0766523823A3}.Release (VS2026)|Any CPU.ActiveCfg = Release (VS2026)|Any CPU
		{EC506AE1-17D1-4530-9E9E-0766523823A3}.Release (VS2026)|Any CPU.Build.0 = Release (VS2026)|Any CPU
		{EC506AE1-17D1-4530-9E9E-0766523823A3}.Release (VS2026)|arm64.ActiveCfg = Release (VS2026)|arm64
		{EC506AE1-17D1-4530-9E9E-0766523823A3}.Release (VS2026)|arm64.Build.0 = Release (VS2026)|arm64
		{EC506AE1-17D1-4530-9E9E-0766523823A3}.Release (VS2026)|x64.ActiveCfg = Release (VS2026)|Any CPU
		{EC506AE1-17D1-4530-9E9E-0766523823A3}.Release (VS2026)|x64.Build.0 = Release (VS2026)|Any CPU
		{EC506AE1-17D1-4530-9E9E-0766523823A3}.Release (VS2026)|x86.ActiveCfg = Release (VS2026)|x86
		{EC506AE1-17D1-4530-9E9E-0766523823A3}.Release (VS2026)|x86.Build.0 = Release (VS2026)|x86
		{E8B1D17A-1059-636A-03C7-3E345A221E34}.Debug (VS2022)|Any CPU.ActiveCfg = Debug|Any CPU
		{E8B1D17A-1059-636A-03C7-3E345A221E34}.Debug (VS2022)|Any CPU.Build.0 = Debug|Any CPU
		{E8B1D17A-1059-636A-03C7-3E345A221E34}.Debug (VS2022)|arm64.ActiveCfg = Debug|Any CPU
		{E8B1D17A-1059-636A-03C7-3E345A221E34}.Debug (VS2022)|arm64.Build.0 = Debug|Any CPU
		{E8B1D17A-1059-636A-03C7-3E345A221E34}.Debug (VS2022)|x64.ActiveCfg = Debug|Any CPU
		{E8B1D17A-1059-636A-03C7-3E345A221E34}.Debug (VS2022)|x64.Build.0 = Debug|Any CPU
		{E8B1D17A-1059-636A-03C7-3E345A221E34}.Debug (VS2022)|x86.ActiveCfg = Debug|Any CPU
		{E8B1D17A-1059-636A-03C7-3E345A221E34}.Debug (VS2022)|x86.Build.0 = Debug|Any CPU
		{E8B1D17A-1059-636A-03C7-3E345A221E34}.Debug (VS2026)|Any CPU.ActiveCfg = Debug (VS2026)|Any CPU
		{E8B1D17A-1059-636A-03C7-3E345A221E34}.Debug (VS2026)|Any CPU.Build.0 = Debug (VS2026)|Any CPU
		{E8B1D17A-1059-636A-03C7-3E345A221E34}.Debug (VS2026)|arm64.ActiveCfg = Debug (VS2026)|Any CPU
		{E8B1D17A-1059-636A-03C7-3E345A221E34}.Debug (VS2026)|arm64.Build.0 = Debug (VS2026)|Any CPU
		{E8B1D17A-1059-636A-03C7-3E345A221E34}.Debug (VS2026)|x64.ActiveCfg = Debug (VS2026)|Any CPU
		{E8B1D17A-1059-636A-03C7-3E345A221E34}.Debug (VS2026)|x64.Build.0 = Debug (VS2026)|Any CPU
		{E8B1D17A-1059-636A-03C7-3E345A221E34}.Debug (VS2026)|x86.ActiveCfg = Debug (VS2026)|Any CPU
		{E8B1D17A-1059-636A-03C7-3E345A221E34}.Debug (VS2026)|x86.Build.0 = Debug (VS2026)|Any CPU
		{E8B1D17A-1059-636A-03C7-3E345A221E34}.Release (VS2022)|Any CPU.ActiveCfg = Release|Any CPU
		{E8B1D17A-1059-636A-03C7-3E345A221E34}.Release (VS2022)|Any CPU.Build.0 = Release|Any CPU
		{E8B1D17A-1059-636A-03C7-3E345A221E34}.Release (VS2022)|arm64.ActiveCfg = Release|Any CPU
		{E8B1D17A-1059-636A-03C7-3E345A221E34}.Release (VS2022)|arm64.Build.0 = Release|Any CPU
		{E8B1D17A-1059-636A-03C7-3E345A221E34}.Release (VS2022)|x64.ActiveCfg = Release|Any CPU
		{E8B1D17A-1059-636A-03C7-3E345A221E34}.Release (VS2022)|x64.Build.0 = Release|Any CPU
		{E8B1D17A-1059-636A-03C7-3E345A221E34}.Release (VS2022)|x86.ActiveCfg = Release|Any CPU
		{E8B1D17A-1059-636A-03C7-3E345A221E34}.Release (VS2022)|x86.Build.0 = Release|Any CPU
		{E8B1D17A-1059-636A-03C7-3E345A221E34}.Release (VS2026)|Any CPU.ActiveCfg = Release (VS2026)|Any CPU
		{E8B1D17A-1059-636A-03C7-3E345A221E34}.Release (VS2026)|Any CPU.Build.0 = Release (VS2026)|Any CPU
		{E8B1D17A-1059-636A-03C7-3E345A221E34}.Release (VS2026)|arm64.ActiveCfg = Release (VS2026)|Any CPU
		{E8B1D17A-1059-636A-03C7-3E345A221E34}.Release (VS2026)|arm64.Build.0 = Release (VS2026)|Any CPU
		{E8B1D17A-1059-636A-03C7-3E345A221E34}.Release (VS2026)|x64.ActiveCfg = Release (VS2026)|Any CPU
		{E8B1D17A-1059-636A-03C7-3E345A221E34}.Release (VS2026)|x64.Build.0 = Release (VS2026)|Any CPU
		{E8B1D17A-1059-636A-03C7-3E345A221E34}.Release (VS2026)|x86.ActiveCfg = Release (VS2026)|Any CPU
		{E8B1D17A-1059-636A-03C7-3E345A221E34}.Release (VS2026)|x86.Build.0 = Release (VS2026)|Any CPU
		{3919D34A-AA76-43A5-8CCF-4D9D587B264B}.Debug (VS2022)|Any CPU.ActiveCfg = Debug|Any CPU
		{3919D34A-AA76-43A5-8CCF-4D9D587B264B}.Debug (VS2022)|Any CPU.Build.0 = Debug|Any CPU
		{3919D34A-AA76-43A5-8CCF-4D9D587B264B}.Debug (VS2022)|arm64.ActiveCfg = Debug|Any CPU
		{3919D34A-AA76-43A5-8CCF-4D9D587B264B}.Debug (VS2022)|arm64.Build.0 = Debug|Any CPU
		{3919D34A-AA76-43A5-8CCF-4D9D587B264B}.Debug (VS2022)|x64.ActiveCfg = Debug|Any CPU
		{3919D34A-AA76-43A5-8CCF-4D9D587B264B}.Debug (VS2022)|x64.Build.0 = Debug|Any CPU
		{3919D34A-AA76-43A5-8CCF-4D9D587B264B}.Debug (VS2022)|x86.ActiveCfg = Debug|Any CPU
		{3919D34A-AA76-43A5-8CCF-4D9D587B264B}.Debug (VS2022)|x86.Build.0 = Debug|Any CPU
		{3919D34A-AA76-43A5-8CCF-4D9D587B264B}.Debug (VS2026)|Any CPU.ActiveCfg = Debug (VS2026)|Any CPU
		{3919D34A-AA76-43A5-8CCF-4D9D587B264B}.Debug (VS2026)|Any CPU.Build.0 = Debug (VS2026)|Any CPU
		{3919D34A-AA76-43A5-8CCF-4D9D587B264B}.Debug (VS2026)|arm64.ActiveCfg = Debug (VS2026)|Any CPU
		{3919D34A-AA76-43A5-8CCF-4D9D587B264B}.Debug (VS2026)|arm64.Build.0 = Debug (VS2026)|Any CPU
		{3919D34A-AA76-43A5-8CCF-4D9D587B264B}.Debug (VS2026)|x64.ActiveCfg = Debug (VS2026)|Any CPU
		{3919D34A-AA76-43A5-8CCF-4D9D587B264B}.Debug (VS2026)|x64.Build.0 = Debug (VS2026)|Any CPU
		{3919D34A-AA76-43A5-8CCF-4D9D587B264B}.Debug (VS2026)|x86.ActiveCfg = Debug (VS2026)|Any CPU
		{3919D34A-AA76-43A5-8CCF-4D9D587B264B}.Debug (VS2026)|x86.Build.0 = Debug (VS2026)|Any CPU
		{3919D34A-AA76-43A5-8CCF-4D9D587B264B}.Release (VS2022)|Any CPU.ActiveCfg = Release|Any CPU
		{3919D34A-AA76-43A5-8CCF-4D9D587B264B}.Release (VS2022)|Any CPU.Build.0 = Release|Any CPU
		{3919D34A-AA76-43A5-8CCF-4D9D587B264B}.Release (VS2022)|arm64.ActiveCfg = Release|Any CPU
		{3919D34A-AA76-43A5-8CCF-4D9D587B264B}.Release (VS2022)|arm64.Build.0 = Release|Any CPU
		{3919D34A-AA76-43A5-8CCF-4D9D587B264B}.Release (VS2022)|x64.ActiveCfg = Release|Any CPU
		{3919D34A-AA76-43A5-8CCF-4D9D587B264B}.Release (VS2022)|x64.Build.0 = Release|Any CPU
		{3919D34A-AA76-43A5-8CCF-4D9D587B264B}.Release (VS2022)|x86.ActiveCfg = Release|Any CPU
		{3919D34A-AA76-43A5-8CCF-4D9D587B264B}.Release (VS2022)|x86.Build.0 = Release|Any CPU
		{3919D34A-AA76-43A5-8CCF-4D9D587B264B}.Release (VS2026)|Any CPU.ActiveCfg = Release (VS2026)|Any CPU
		{3919D34A-AA76-43A5-8CCF-4D9D587B264B}.Release (VS2026)|Any CPU.Build.0 = Release (VS2026)|Any CPU
		{3919D34A-AA76-43A5-8CCF-4D9D587B264B}.Release (VS2026)|arm64.ActiveCfg = Release (VS2026)|Any CPU
		{3919D34A-AA76-43A5-8CCF-4D9D587B264B}.Release (VS2026)|arm64.Build.0 = Release (VS2026)|Any CPU
		{3919D34A-AA76-43A5-8CCF-4D9D587B264B}.Release (VS2026)|x64.ActiveCfg = Release (VS2026)|Any CPU
		{3919D34A-AA76-43A5-8CCF-4D9D587B264B}.Release (VS2026)|x64.Build.0 = Release (VS2026)|Any CPU
		{3919D34A-AA76-43A5-8CCF-4D9D587B264B}.Release (VS2026)|x86.ActiveCfg = Release (VS2026)|Any CPU
		{3919D34A-AA76-43A5-8CCF-4D9D587B264B}.Release (VS2026)|x86.Build.0 = Release (VS2026)|Any CPU
		{35361759-92E6-4658-8015-1D9836389885}.Debug (VS2022)|Any CPU.ActiveCfg = Debug|Any CPU
		{35361759-92E6-4658-8015-1D9836389885}.Debug (VS2022)|Any CPU.Build.0 = Debug|Any CPU
		{35361759-92E6-4658-8015-1D9836389885}.Debug (VS2022)|arm64.ActiveCfg = Debug|Any CPU
		{35361759-92E6-4658-8015-1D9836389885}.Debug (VS2022)|arm64.Build.0 = Debug|Any CPU
		{35361759-92E6-4658-8015-1D9836389885}.Debug (VS2022)|x64.ActiveCfg = Debug|Any CPU
		{35361759-92E6-4658-8015-1D9836389885}.Debug (VS2022)|x64.Build.0 = Debug|Any CPU
		{35361759-92E6-4658-8015-1D9836389885}.Debug (VS2022)|x86.ActiveCfg = Debug|Any CPU
		{35361759-92E6-4658-8015-1D9836389885}.Debug (VS2022)|x86.Build.0 = Debug|Any CPU
		{35361759-92E6-4658-8015-1D9836389885}.Debug (VS2026)|Any CPU.ActiveCfg = Debug (VS2026)|Any CPU
		{35361759-92E6-4658-8015-1D9836389885}.Debug (VS2026)|Any CPU.Build.0 = Debug (VS2026)|Any CPU
		{35361759-92E6-4658-8015-1D9836389885}.Debug (VS2026)|arm64.ActiveCfg = Debug (VS2026)|Any CPU
		{35361759-92E6-4658-8015-1D9836389885}.Debug (VS2026)|arm64.Build.0 = Debug (VS2026)|Any CPU
		{35361759-92E6-4658-8015-1D9836389885}.Debug (VS2026)|x64.ActiveCfg = Debug (VS2026)|Any CPU
		{35361759-92E6-4658-8015-1D9836389885}.Debug (VS2026)|x64.Build.0 = Debug (VS2026)|Any CPU
		{35361759-92E6-4658-8015-1D9836389885}.Debug (VS2026)|x86.ActiveCfg = Debug (VS2026)|Any CPU
		{35361759-92E6-4658-8015-1D9836389885}.Debug (VS2026)|x86.Build.0 = Debug (VS2026)|Any CPU
		{35361759-92E6-4658-8015-1D9836389885}.Release (VS2022)|Any CPU.ActiveCfg = Release|Any CPU
		{35361759-92E6-4658-8015-1D9836389885}.Release (VS2022)|Any CPU.Build.0 = Release|Any CPU
		{35361759-92E6-4658-8015-1D9836389885}.Release (VS2022)|arm64.ActiveCfg = Release|Any CPU
		{35361759-92E6-4658-8015-1D9836389885}.Release (VS2022)|arm64.Build.0 = Release|Any CPU
		{35361759-92E6-4658-8015-1D9836389885}.Release (VS2022)|x64.ActiveCfg = Release|Any CPU
		{35361759-92E6-4658-8015-1D9836389885}.Release (VS2022)|x64.Build.0 = Release|Any CPU
		{35361759-92E6-4658-8015-1D9836389885}.Release (VS2022)|x86.ActiveCfg = Release|Any CPU
		{35361759-92E6-4658-8015-1D9836389885}.Release (VS2022)|x86.Build.0 = Release|Any CPU
		{35361759-92E6-4658-8015-1D9836389885}.Release (VS2026)|Any CPU.ActiveCfg = Release (VS2026)|Any CPU
		{35361759-92E6-4658-8015-1D9836389885}.Release (VS2026)|Any CPU.Build.0 = Release (VS2026)|Any CPU
		{35361759-92E6-4658-8015-1D9836389885}.Release (VS2026)|arm64.ActiveCfg = Release (VS2026)|Any CPU
		{35361759-92E6-4658-8015-1D9836389885}.Release (VS2026)|arm64.Build.0 = Release (VS2026)|Any CPU
		{35361759-92E6-4658-8015-1D9836389885}.Release (VS2026)|x64.ActiveCfg = Release (VS2026)|Any CPU
		{35361759-92E6-4658-8015-1D9836389885}.Release (VS2026)|x64.Build.0 = Release (VS2026)|Any CPU
		{35361759-92E6-4658-8015-1D9836389885}.Release (VS2026)|x86.ActiveCfg = Release (VS2026)|Any CPU
		{35361759-92E6-4658-8015-1D9836389885}.Release (VS2026)|x86.Build.0 = Release (VS2026)|Any CPU
		{B45D4A2E-0275-4196-A21D-F373D04A8385}.Debug (VS2022)|Any CPU.ActiveCfg = Debug|Any CPU
		{B45D4A2E-0275-4196-A21D-F373D04A8385}.Debug (VS2022)|Any CPU.Build.0 = Debug|Any CPU
		{B45D4A2E-0275-4196-A21D-F373D04A8385}.Debug (VS2022)|arm64.ActiveCfg = Debug|Any CPU
		{B45D4A2E-0275-4196-A21D-F373D04A8385}.Debug (VS2022)|arm64.Build.0 = Debug|Any CPU
		{B45D4A2E-0275-4196-A21D-F373D04A8385}.Debug (VS2022)|x64.ActiveCfg = Debug|Any CPU
		{B45D4A2E-0275-4196-A21D-F373D04A8385}.Debug (VS2022)|x64.Build.0 = Debug|Any CPU
		{B45D4A2E-0275-4196-A21D-F373D04A8385}.Debug (VS2022)|x86.ActiveCfg = Debug|Any CPU
		{B45D4A2E-0275-4196-A21D-F373D04A8385}.Debug (VS2022)|x86.Build.0 = Debug|Any CPU
		{B45D4A2E-0275-4196-A21D-F373D04A8385}.Debug (VS2026)|Any CPU.ActiveCfg = Debug (VS2026)|Any CPU
		{B45D4A2E-0275-4196-A21D-F373D04A8385}.Debug (VS2026)|Any CPU.Build.0 = Debug (VS2026)|Any CPU
		{B45D4A2E-0275-4196-A21D-F373D04A8385}.Debug (VS2026)|arm64.ActiveCfg = Debug (VS2026)|Any CPU
		{B45D4A2E-0275-4196-A21D-F373D04A8385}.Debug (VS2026)|arm64.Build.0 = Debug (VS2026)|Any CPU
		{B45D4A2E-0275-4196-A21D-F373D04A8385}.Debug (VS2026)|x64.ActiveCfg = Debug (VS2026)|Any CPU
		{B45D4A2E-0275-4196-A21D-F373D04A8385}.Debug (VS2026)|x64.Build.0 = Debug (VS2026)|Any CPU
		{B45D4A2E-0275-4196-A21D-F373D04A8385}.Debug (VS2026)|x86.ActiveCfg = Debug (VS2026)|Any CPU
		{B45D4A2E-0275-4196-A21D-F373D04A8385}.Debug (VS2026)|x86.Build.0 = Debug (VS2026)|Any CPU
		{B45D4A2E-0275-4196-A21D-F373D04A8385}.Release (VS2022)|Any CPU.ActiveCfg = Release|Any CPU
		{B45D4A2E-0275-4196-A21D-F373D04A8385}.Release (VS2022)|Any CPU.Build.0 = Release|Any CPU
		{B45D4A2E-0275-4196-A21D-F373D04A8385}.Release (VS2022)|arm64.ActiveCfg = Release|Any CPU
		{B45D4A2E-0275-4196-A21D-F373D04A8385}.Release (VS2022)|arm64.Build.0 = Release|Any CPU
		{B45D4A2E-0275-4196-A21D-F373D04A8385}.Release (VS2022)|x64.ActiveCfg = Release|Any CPU
		{B45D4A2E-0275-4196-A21D-F373D04A8385}.Release (VS2022)|x64.Build.0 = Release|Any CPU
		{B45D4A2E-0275-4196-A21D-F373D04A8385}.Release (VS2022)|x86.ActiveCfg = Release|Any CPU
		{B45D4A2E-0275-4196-A21D-F373D04A8385}.Release (VS2022)|x86.Build.0 = Release|Any CPU
		{B45D4A2E-0275-4196-A21D-F373D04A8385}.Release (VS2026)|Any CPU.ActiveCfg = Release (VS2026)|Any CPU
		{B45D4A2E-0275-4196-A21D-F373D04A8385}.Release (VS2026)|Any CPU.Build.0 = Release (VS2026)|Any CPU
		{B45D4A2E-0275-4196-A21D-F373D04A8385}.Release (VS2026)|arm64.ActiveCfg = Release (VS2026)|Any CPU
		{B45D4A2E-0275-4196-A21D-F373D04A8385}.Release (VS2026)|arm64.Build.0 = Release (VS2026)|Any CPU
		{B45D4A2E-0275-4196-A21D-F373D04A8385}.Release (VS2026)|x64.ActiveCfg = Release (VS2026)|Any CPU
		{B45D4A2E-0275-4196-A21D-F373D04A8385}.Release (VS2026)|x64.Build.0 = Release (VS2026)|Any CPU
		{B45D4A2E-0275-4196-A21D-F373D04A8385}.Release (VS2026)|x86.ActiveCfg = Release (VS2026)|Any CPU
		{B45D4A2E-0275-4196-A21D-F373D04A8385}.Release (VS2026)|x86.Build.0 = Release (VS2026)|Any CPU
	EndGlobalSection
	GlobalSection(SolutionProperties) = preSolution
		HideSolutionNode = FALSE
	EndGlobalSection
	GlobalSection(ExtensibilityGlobals) = postSolution
		SolutionGuid = {B2812EB7-F03D-4365-BAA1-0E55A7E8F766}
	EndGlobalSection
EndGlobal
